
Microsoft Visual Studio Solution File, Format Version 12.00
# Visual Studio 14
VisualStudioVersion = 14.0.25420.1
MinimumVisualStudioVersion = 10.0.40219.1
Project("{2150E333-8FDC-42A3-9474-1A3956D46DE8}") = "0 - Presentation", "0 - Presentation", "{D1F49221-42A8-4DBC-85F9-248324C7E8EA}"
EndProject
Project("{2150E333-8FDC-42A3-9474-1A3956D46DE8}") = "1 - Services", "1 - Services", "{856817DA-5AC5-478C-9AA3-0C821DBA6E2B}"
EndProject
Project("{2150E333-8FDC-42A3-9474-1A3956D46DE8}") = "2 - Application", "2 - Application", "{D36EFAC0-27E2-4412-8ABB-0DD3BFAF9618}"
EndProject
Project("{2150E333-8FDC-42A3-9474-1A3956D46DE8}") = "3 - Domain", "3 - Domain", "{956F8D9E-144F-4848-8CE9-D71E5AA3B2DE}"
EndProject
Project("{2150E333-8FDC-42A3-9474-1A3956D46DE8}") = "4 - Infra", "4 - Infra", "{4AF3A7CB-9E95-431D-AEC0-B80065FAFA82}"
EndProject
Project("{2150E333-8FDC-42A3-9474-1A3956D46DE8}") = "4.1 - Data", "4.1 - Data", "{9B9FCAD6-0DC0-4715-AB19-B222B832E50E}"
EndProject
Project("{2150E333-8FDC-42A3-9474-1A3956D46DE8}") = "4..2 - CrossCutting", "4..2 - CrossCutting", "{8A69318F-BF87-4B74-811A-0C0084124782}"
EndProject
Project("{FAE04EC0-301F-11D3-BF4B-00C04F79EFBC}") = "AvaliacoesCalper.MVC", "AvaliacoesCalper.MVC\AvaliacoesCalper.MVC.csproj", "{CF24E409-7FC3-4940-A8A5-BF9FA4E4DA5D}"
EndProject
Project("{FAE04EC0-301F-11D3-BF4B-00C04F79EFBC}") = "AvaliacoesCalper.Domain", "AvaliacoesCalper.Domain\AvaliacoesCalper.Domain.csproj", "{7D498F6C-5711-4FC9-A1BB-A6955BDDD2E0}"
EndProject
Project("{FAE04EC0-301F-11D3-BF4B-00C04F79EFBC}") = "AvaliacoesCalper.Infra.Data", "AvaliacoesCalper.Infra.Data\AvaliacoesCalper.Infra.Data.csproj", "{9125D4A2-4C96-4A3B-925E-7D52DB8ECDCF}"
EndProject
Project("{FAE04EC0-301F-11D3-BF4B-00C04F79EFBC}") = "AvaliacoesCalper.Application", "AvaliacoesCalper.Application\AvaliacoesCalper.Application.csproj", "{6D6D1800-7E94-4BFC-A531-CAFB1CBE950E}"
EndProject
Project("{FAE04EC0-301F-11D3-BF4B-00C04F79EFBC}") = "AvaliacoesCalper.CrossCutting", "AvaliacoesCalper.CrossCutting\AvaliacoesCalper.CrossCutting.csproj", "{8C644A95-F963-455C-BC3F-867009F12400}"
EndProject
Project("{FAE04EC0-301F-11D3-BF4B-00C04F79EFBC}") = "AvaliacoesCalper.CrossCutting.Test", "AvaliacoesCalper.CrossCutting.Test\AvaliacoesCalper.CrossCutting.Test.csproj", "{0F124E07-E938-4BF4-9BC7-AF674622850B}"
EndProject
Project("{FAE04EC0-301F-11D3-BF4B-00C04F79EFBC}") = "AvaliacoesCalper.Domain.Test", "AvaliacoesCalper.Domain.Test\AvaliacoesCalper.Domain.Test.csproj", "{E75B1DAE-9CB1-4F9B-90D5-1979B5482A33}"
EndProject
Global
	GlobalSection(SolutionConfigurationPlatforms) = preSolution
		Debug|Any CPU = Debug|Any CPU
		Debug|x86 = Debug|x86
		Release|Any CPU = Release|Any CPU
		Release|x86 = Release|x86
	EndGlobalSection
	GlobalSection(ProjectConfigurationPlatforms) = postSolution
		{CF24E409-7FC3-4940-A8A5-BF9FA4E4DA5D}.Debug|Any CPU.ActiveCfg = Debug|Any CPU
		{CF24E409-7FC3-4940-A8A5-BF9FA4E4DA5D}.Debug|Any CPU.Build.0 = Debug|Any CPU
		{CF24E409-7FC3-4940-A8A5-BF9FA4E4DA5D}.Debug|x86.ActiveCfg = Debug|Any CPU
		{CF24E409-7FC3-4940-A8A5-BF9FA4E4DA5D}.Debug|x86.Build.0 = Debug|Any CPU
		{CF24E409-7FC3-4940-A8A5-BF9FA4E4DA5D}.Release|Any CPU.ActiveCfg = Release|Any CPU
		{CF24E409-7FC3-4940-A8A5-BF9FA4E4DA5D}.Release|Any CPU.Build.0 = Release|Any CPU
		{CF24E409-7FC3-4940-A8A5-BF9FA4E4DA5D}.Release|x86.ActiveCfg = Release|Any CPU
		{CF24E409-7FC3-4940-A8A5-BF9FA4E4DA5D}.Release|x86.Build.0 = Release|Any CPU
		{7D498F6C-5711-4FC9-A1BB-A6955BDDD2E0}.Debug|Any CPU.ActiveCfg = Debug|Any CPU
		{7D498F6C-5711-4FC9-A1BB-A6955BDDD2E0}.Debug|Any CPU.Build.0 = Debug|Any CPU
		{7D498F6C-5711-4FC9-A1BB-A6955BDDD2E0}.Debug|x86.ActiveCfg = Debug|Any CPU
		{7D498F6C-5711-4FC9-A1BB-A6955BDDD2E0}.Debug|x86.Build.0 = Debug|Any CPU
		{7D498F6C-5711-4FC9-A1BB-A6955BDDD2E0}.Release|Any CPU.ActiveCfg = Release|Any CPU
		{7D498F6C-5711-4FC9-A1BB-A6955BDDD2E0}.Release|Any CPU.Build.0 = Release|Any CPU
		{7D498F6C-5711-4FC9-A1BB-A6955BDDD2E0}.Release|x86.ActiveCfg = Release|Any CPU
		{7D498F6C-5711-4FC9-A1BB-A6955BDDD2E0}.Release|x86.Build.0 = Release|Any CPU
		{9125D4A2-4C96-4A3B-925E-7D52DB8ECDCF}.Debug|Any CPU.ActiveCfg = Debug|Any CPU
		{9125D4A2-4C96-4A3B-925E-7D52DB8ECDCF}.Debug|Any CPU.Build.0 = Debug|Any CPU
		{9125D4A2-4C96-4A3B-925E-7D52DB8ECDCF}.Debug|x86.ActiveCfg = Debug|Any CPU
		{9125D4A2-4C96-4A3B-925E-7D52DB8ECDCF}.Debug|x86.Build.0 = Debug|Any CPU
		{9125D4A2-4C96-4A3B-925E-7D52DB8ECDCF}.Release|Any CPU.ActiveCfg = Release|Any CPU
		{9125D4A2-4C96-4A3B-925E-7D52DB8ECDCF}.Release|Any CPU.Build.0 = Release|Any CPU
		{9125D4A2-4C96-4A3B-925E-7D52DB8ECDCF}.Release|x86.ActiveCfg = Release|Any CPU
		{9125D4A2-4C96-4A3B-925E-7D52DB8ECDCF}.Release|x86.Build.0 = Release|Any CPU
		{6D6D1800-7E94-4BFC-A531-CAFB1CBE950E}.Debug|Any CPU.ActiveCfg = Debug|Any CPU
		{6D6D1800-7E94-4BFC-A531-CAFB1CBE950E}.Debug|Any CPU.Build.0 = Debug|Any CPU
		{6D6D1800-7E94-4BFC-A531-CAFB1CBE950E}.Debug|x86.ActiveCfg = Debug|Any CPU
		{6D6D1800-7E94-4BFC-A531-CAFB1CBE950E}.Debug|x86.Build.0 = Debug|Any CPU
		{6D6D1800-7E94-4BFC-A531-CAFB1CBE950E}.Release|Any CPU.ActiveCfg = Release|Any CPU
		{6D6D1800-7E94-4BFC-A531-CAFB1CBE950E}.Release|Any CPU.Build.0 = Release|Any CPU
		{6D6D1800-7E94-4BFC-A531-CAFB1CBE950E}.Release|x86.ActiveCfg = Release|Any CPU
		{6D6D1800-7E94-4BFC-A531-CAFB1CBE950E}.Release|x86.Build.0 = Release|Any CPU
		{8C644A95-F963-455C-BC3F-867009F12400}.Debug|Any CPU.ActiveCfg = Debug|Any CPU
		{8C644A95-F963-455C-BC3F-867009F12400}.Debug|Any CPU.Build.0 = Debug|Any CPU
		{8C644A95-F963-455C-BC3F-867009F12400}.Debug|x86.ActiveCfg = Debug|Any CPU
		{8C644A95-F963-455C-BC3F-867009F12400}.Debug|x86.Build.0 = Debug|Any CPU
		{8C644A95-F963-455C-BC3F-867009F12400}.Release|Any CPU.ActiveCfg = Release|Any CPU
		{8C644A95-F963-455C-BC3F-867009F12400}.Release|Any CPU.Build.0 = Release|Any CPU
		{8C644A95-F963-455C-BC3F-867009F12400}.Release|x86.ActiveCfg = Release|Any CPU
		{8C644A95-F963-455C-BC3F-867009F12400}.Release|x86.Build.0 = Release|Any CPU
		{0F124E07-E938-4BF4-9BC7-AF674622850B}.Debug|Any CPU.ActiveCfg = Debug|Any CPU
		{0F124E07-E938-4BF4-9BC7-AF674622850B}.Debug|Any CPU.Build.0 = Debug|Any CPU
		{0F124E07-E938-4BF4-9BC7-AF674622850B}.Debug|x86.ActiveCfg = Debug|Any CPU
		{0F124E07-E938-4BF4-9BC7-AF674622850B}.Debug|x86.Build.0 = Debug|Any CPU
		{0F124E07-E938-4BF4-9BC7-AF674622850B}.Release|Any CPU.ActiveCfg = Release|Any CPU
		{0F124E07-E938-4BF4-9BC7-AF674622850B}.Release|Any CPU.Build.0 = Release|Any CPU
		{0F124E07-E938-4BF4-9BC7-AF674622850B}.Release|x86.ActiveCfg = Release|Any CPU
		{0F124E07-E938-4BF4-9BC7-AF674622850B}.Release|x86.Build.0 = Release|Any CPU
		{E75B1DAE-9CB1-4F9B-90D5-1979B5482A33}.Debug|Any CPU.ActiveCfg = Debug|Any CPU
		{E75B1DAE-9CB1-4F9B-90D5-1979B5482A33}.Debug|Any CPU.Build.0 = Debug|Any CPU
		{E75B1DAE-9CB1-4F9B-90D5-1979B5482A33}.Debug|x86.ActiveCfg = Debug|Any CPU
		{E75B1DAE-9CB1-4F9B-90D5-1979B5482A33}.Debug|x86.Build.0 = Debug|Any CPU
		{E75B1DAE-9CB1-4F9B-90D5-1979B5482A33}.Release|Any CPU.ActiveCfg = Release|Any CPU
		{E75B1DAE-9CB1-4F9B-90D5-1979B5482A33}.Release|Any CPU.Build.0 = Release|Any CPU
		{E75B1DAE-9CB1-4F9B-90D5-1979B5482A33}.Release|x86.ActiveCfg = Release|Any CPU
		{E75B1DAE-9CB1-4F9B-90D5-1979B5482A33}.Release|x86.Build.0 = Release|Any CPU
	EndGlobalSection
	GlobalSection(SolutionProperties) = preSolution
		HideSolutionNode = FALSE
	EndGlobalSection
	GlobalSection(NestedProjects) = preSolution
		{9B9FCAD6-0DC0-4715-AB19-B222B832E50E} = {4AF3A7CB-9E95-431D-AEC0-B80065FAFA82}
		{8A69318F-BF87-4B74-811A-0C0084124782} = {4AF3A7CB-9E95-431D-AEC0-B80065FAFA82}
		{CF24E409-7FC3-4940-A8A5-BF9FA4E4DA5D} = {D1F49221-42A8-4DBC-85F9-248324C7E8EA}
		{7D498F6C-5711-4FC9-A1BB-A6955BDDD2E0} = {956F8D9E-144F-4848-8CE9-D71E5AA3B2DE}
		{9125D4A2-4C96-4A3B-925E-7D52DB8ECDCF} = {9B9FCAD6-0DC0-4715-AB19-B222B832E50E}
		{6D6D1800-7E94-4BFC-A531-CAFB1CBE950E} = {D36EFAC0-27E2-4412-8ABB-0DD3BFAF9618}
		{8C644A95-F963-455C-BC3F-867009F12400} = {8A69318F-BF87-4B74-811A-0C0084124782}
		{0F124E07-E938-4BF4-9BC7-AF674622850B} = {8A69318F-BF87-4B74-811A-0C0084124782}
		{E75B1DAE-9CB1-4F9B-90D5-1979B5482A33} = {956F8D9E-144F-4848-8CE9-D71E5AA3B2DE}
	EndGlobalSection
EndGlobal
